{
  "version": 4,
  "terraform_version": "1.16.0",
  "serial": 236,
  "lineage": "6bf8e3bf-eb1e-7975-8791-2b1e13ee59e3",
  "outputs": {
    "dynamodb_table_arn": {
      "value": "arn:aws:dynamodb:us-east-2:390034075362:table/myproject-terraform-state-lock",
      "type": "string"
    },
    "dynamodb_table_billing_mode": {
      "value": "PAY_PER_REQUEST",
      "type": "string"
    },
    "dynamodb_table_hash_key": {
      "value": "LockID",
      "type": "string"
    },
    "dynamodb_table_id": {
      "value": "myproject-terraform-state-lock",
      "type": "string"
    },
    "dynamodb_table_name": {
      "value": "myproject-terraform-state-lock",
      "type": "string"
    },
    "kms_alias_arn": {
      "value": "arn:aws:kms:us-east-2:390034075362:alias/myproject-terraform-state",
      "type": "string"
    },
    "kms_alias_name": {
      "value": "alias/myproject-terraform-state",
      "type": "string"
    },
    "kms_key_arn": {
      "value": "arn:aws:kms:us-east-2:390034075362:key/3b8353ae-9e66-42ff-b9e8-c4084c6416aa",
      "type": "string"
    },
    "kms_key_id": {
      "value": "3b8353ae-9e66-42ff-b9e8-c4084c6416aa",
      "type": "string"
    },
    "s3_bucket_arn": {
      "value": "arn:aws:s3:::myproject-terraform-state-locking-bucket",
      "type": "string"
    },
    "s3_bucket_id": {
      "value": "myproject-terraform-state-locking-bucket",
      "type": "string"
    },
    "s3_bucket_name": {
      "value": "myproject-terraform-state-locking-bucket",
      "type": "string"
    },
    "s3_bucket_region": {
      "value": "us-east-2",
      "type": "string"
    }
  },
  "resources": [
    {
      "mode": "data",
      "type": "aws_caller_identity",
      "name": "current",
      "provider": "provider[\"registry.terraform.io/hashicorp/aws\"]",
      "instances": [
        {
          "schema_version": 0,
          "attributes": {
            "account_id": "390034075362",
            "arn": "arn:aws:sts::390034075362:assumed-role/terraformec2role/i-08f15f9b34f40bab0",
            "id": "390034075362",
            "user_id": "AROAVVT6XV3RATNENPKWJ:i-08f15f9b34f40bab0"
          },
          "sensitive_attributes": [],
          "identity_schema_version": 0
        }
      ]
    },
    {
      "mode": "data",
      "type": "aws_iam_policy_document",
      "name": "terraform_state_logs_policy",
      "provider": "provider[\"registry.terraform.io/hashicorp/aws\"]",
      "instances": [
        {
          "schema_version": 0,
          "attributes": {
            "id": "3699824589",
            "json": "{\n  \"Version\": \"2012-10-17\",\n  \"Statement\": [\n    {\n      \"Sid\": \"DenyHTTPAccess\",\n      \"Effect\": \"Deny\",\n      \"Action\": \"s3:*\",\n      \"Resource\": [\n        \"arn:aws:s3:::myproject-terraform-state-locking-bucket-access-logs/*\",\n        \"arn:aws:s3:::myproject-terraform-state-locking-bucket-access-logs\"\n      ],\n      \"Principal\": {\n        \"AWS\": \"*\"\n      },\n      \"Condition\": {\n        \"Bool\": {\n          \"aws:SecureTransport\": \"false\"\n        }\n      }\n    },\n    {\n      \"Sid\": \"S3ServerAccessLogsPolicy\",\n      \"Effect\": \"Allow\",\n      \"Action\": \"s3:PutObject\",\n      \"Resource\": \"arn:aws:s3:::myproject-terraform-state-locking-bucket-access-logs/*\",\n      \"Principal\": {\n        \"Service\": \"logging.s3.amazonaws.com\"\n      },\n      \"Condition\": {\n        \"StringEquals\": {\n          \"aws:SourceAccount\": \"390034075362\"\n        }\n      }\n    }\n  ]\n}",
            "minified_json": "{\"Version\":\"2012-10-17\",\"Statement\":[{\"Sid\":\"DenyHTTPAccess\",\"Effect\":\"Deny\",\"Action\":\"s3:*\",\"Resource\":[\"arn:aws:s3:::myproject-terraform-state-locking-bucket-access-logs/*\",\"arn:aws:s3:::myproject-terraform-state-locking-bucket-access-logs\"],\"Principal\":{\"AWS\":\"*\"},\"Condition\":{\"Bool\":{\"aws:SecureTransport\":\"false\"}}},{\"Sid\":\"S3ServerAccessLogsPolicy\",\"Effect\":\"Allow\",\"Action\":\"s3:PutObject\",\"Resource\":\"arn:aws:s3:::myproject-terraform-state-locking-bucket-access-logs/*\",\"Principal\":{\"Service\":\"logging.s3.amazonaws.com\"},\"Condition\":{\"StringEquals\":{\"aws:SourceAccount\":\"390034075362\"}}}]}",
            "override_json": null,
            "override_policy_documents": null,
            "policy_id": null,
            "source_json": null,
            "source_policy_documents": null,
            "statement": [
              {
                "actions": [
                  "s3:*"
                ],
                "condition": [
                  {
                    "test": "Bool",
                    "values": [
                      "false"
                    ],
                    "variable": "aws:SecureTransport"
                  }
                ],
                "effect": "Deny",
                "not_actions": [],
                "not_principals": [],
                "not_resources": [],
                "principals": [
                  {
                    "identifiers": [
                      "*"
                    ],
                    "type": "AWS"
                  }
                ],
                "resources": [
                  "arn:aws:s3:::myproject-terraform-state-locking-bucket-access-logs",
                  "arn:aws:s3:::myproject-terraform-state-locking-bucket-access-logs/*"
                ],
                "sid": "DenyHTTPAccess"
              },
              {
                "actions": [
                  "s3:PutObject"
                ],
                "condition": [
                  {
                    "test": "StringEquals",
                    "values": [
                      "390034075362"
                    ],
                    "variable": "aws:SourceAccount"
                  }
                ],
                "effect": "Allow",
                "not_actions": [],
                "not_principals": [],
                "not_resources": [],
                "principals": [
                  {
                    "identifiers": [
                      "logging.s3.amazonaws.com"
                    ],
                    "type": "Service"
                  }
                ],
                "resources": [
                  "arn:aws:s3:::myproject-terraform-state-locking-bucket-access-logs/*"
                ],
                "sid": "S3ServerAccessLogsPolicy"
              }
            ],
            "version": "2012-10-17"
          },
          "sensitive_attributes": [],
          "identity_schema_version": 0
        }
      ]
    },
    {
      "mode": "data",
      "type": "aws_iam_policy_document",
      "name": "terraform_state_policy",
      "provider": "provider[\"registry.terraform.io/hashicorp/aws\"]",
      "instances": [
        {
          "schema_version": 0,
          "attributes": {
            "id": "3431415522",
            "json": "{\n  \"Version\": \"2012-10-17\",\n  \"Statement\": [\n    {\n      \"Sid\": \"DenyHTTPAccess\",\n      \"Effect\": \"Deny\",\n      \"Action\": \"s3:*\",\n      \"Resource\": [\n        \"arn:aws:s3:::myproject-terraform-state-locking-bucket/*\",\n        \"arn:aws:s3:::myproject-terraform-state-locking-bucket\"\n      ],\n      \"Principal\": {\n        \"AWS\": \"*\"\n      },\n      \"Condition\": {\n        \"Bool\": {\n          \"aws:SecureTransport\": \"false\"\n        }\n      }\n    },\n    {\n      \"Sid\": \"DenyNonEncryptedUploads\",\n      \"Effect\": \"Deny\",\n      \"Action\": \"s3:PutObject\",\n      \"Resource\": \"arn:aws:s3:::myproject-terraform-state-locking-bucket/*\",\n      \"Principal\": {\n        \"AWS\": \"*\"\n      },\n      \"Condition\": {\n        \"StringNotEquals\": {\n          \"s3:x-amz-server-side-encryption\": \"aws:kms\"\n        }\n      }\n    },\n    {\n      \"Sid\": \"AllowTerraformRole\",\n      \"Effect\": \"Allow\",\n      \"Action\": [\n        \"s3:PutObject\",\n        \"s3:ListBucket\",\n        \"s3:GetObject\",\n        \"s3:GetEncryptionConfiguration\",\n        \"s3:GetBucketVersioning\",\n        \"s3:DeleteObject\"\n      ],\n      \"Resource\": [\n        \"arn:aws:s3:::myproject-terraform-state-locking-bucket/*\",\n        \"arn:aws:s3:::myproject-terraform-state-locking-bucket\"\n      ],\n      \"Principal\": {\n        \"AWS\": \"arn:aws:iam::390034075362:root\"\n      }\n    }\n  ]\n}",
            "minified_json": "{\"Version\":\"2012-10-17\",\"Statement\":[{\"Sid\":\"DenyHTTPAccess\",\"Effect\":\"Deny\",\"Action\":\"s3:*\",\"Resource\":[\"arn:aws:s3:::myproject-terraform-state-locking-bucket/*\",\"arn:aws:s3:::myproject-terraform-state-locking-bucket\"],\"Principal\":{\"AWS\":\"*\"},\"Condition\":{\"Bool\":{\"aws:SecureTransport\":\"false\"}}},{\"Sid\":\"DenyNonEncryptedUploads\",\"Effect\":\"Deny\",\"Action\":\"s3:PutObject\",\"Resource\":\"arn:aws:s3:::myproject-terraform-state-locking-bucket/*\",\"Principal\":{\"AWS\":\"*\"},\"Condition\":{\"StringNotEquals\":{\"s3:x-amz-server-side-encryption\":\"aws:kms\"}}},{\"Sid\":\"AllowTerraformRole\",\"Effect\":\"Allow\",\"Action\":[\"s3:PutObject\",\"s3:ListBucket\",\"s3:GetObject\",\"s3:GetEncryptionConfiguration\",\"s3:GetBucketVersioning\",\"s3:DeleteObject\"],\"Resource\":[\"arn:aws:s3:::myproject-terraform-state-locking-bucket/*\",\"arn:aws:s3:::myproject-terraform-state-locking-bucket\"],\"Principal\":{\"AWS\":\"arn:aws:iam::390034075362:root\"}}]}",
            "override_json": null,
            "override_policy_documents": null,
            "policy_id": null,
            "source_json": null,
            "source_policy_documents": null,
            "statement": [
              {
                "actions": [
                  "s3:*"
                ],
                "condition": [
                  {
                    "test": "Bool",
                    "values": [
                      "false"
                    ],
                    "variable": "aws:SecureTransport"
                  }
                ],
                "effect": "Deny",
                "not_actions": [],
                "not_principals": [],
                "not_resources": [],
                "principals": [
                  {
                    "identifiers": [
                      "*"
                    ],
                    "type": "AWS"
                  }
                ],
                "resources": [
                  "arn:aws:s3:::myproject-terraform-state-locking-bucket",
                  "arn:aws:s3:::myproject-terraform-state-locking-bucket/*"
                ],
                "sid": "DenyHTTPAccess"
              },
              {
                "actions": [
                  "s3:PutObject"
                ],
                "condition": [
                  {
                    "test": "StringNotEquals",
                    "values": [
                      "aws:kms"
                    ],
                    "variable": "s3:x-amz-server-side-encryption"
                  }
                ],
                "effect": "Deny",
                "not_actions": [],
                "not_principals": [],
                "not_resources": [],
                "principals": [
                  {
                    "identifiers": [
                      "*"
                    ],
                    "type": "AWS"
                  }
                ],
                "resources": [
                  "arn:aws:s3:::myproject-terraform-state-locking-bucket/*"
                ],
                "sid": "DenyNonEncryptedUploads"
              },
              {
                "actions": [
                  "s3:DeleteObject",
                  "s3:GetBucketVersioning",
                  "s3:GetEncryptionConfiguration",
                  "s3:GetObject",
                  "s3:ListBucket",
                  "s3:PutObject"
                ],
                "condition": [],
                "effect": "Allow",
                "not_actions": [],
                "not_principals": [],
                "not_resources": [],
                "principals": [
                  {
                    "identifiers": [
                      "arn:aws:iam::390034075362:root"
                    ],
                    "type": "AWS"
                  }
                ],
                "resources": [
                  "arn:aws:s3:::myproject-terraform-state-locking-bucket",
                  "arn:aws:s3:::myproject-terraform-state-locking-bucket/*"
                ],
                "sid": "AllowTerraformRole"
              }
            ],
            "version": "2012-10-17"
          },
          "sensitive_attributes": [],
          "identity_schema_version": 0
        }
      ]
    },
    {
      "mode": "data",
      "type": "aws_region",
      "name": "current",
      "provider": "provider[\"registry.terraform.io/hashicorp/aws\"]",
      "instances": [
        {
          "schema_version": 0,
          "attributes": {
            "description": "US East (Ohio)",
            "endpoint": "ec2.us-east-2.amazonaws.com",
            "id": "us-east-2",
            "name": "us-east-2"
          },
          "sensitive_attributes": [],
          "identity_schema_version": 0
        }
      ]
    },
    {
      "mode": "managed",
      "type": "aws_dynamodb_table",
      "name": "terraform_state_lock",
      "provider": "provider[\"registry.terraform.io/hashicorp/aws\"]",
      "instances": [
        {
          "schema_version": 1,
          "attributes": {
            "arn": "arn:aws:dynamodb:us-east-2:390034075362:table/myproject-terraform-state-lock",
            "attribute": [
              {
                "name": "LockID",
                "type": "S"
              }
            ],
            "billing_mode": "PAY_PER_REQUEST",
            "deletion_protection_enabled": false,
            "global_secondary_index": [],
            "hash_key": "LockID",
            "id": "myproject-terraform-state-lock",
            "import_table": [],
            "local_secondary_index": [],
            "name": "myproject-terraform-state-lock",
            "on_demand_throughput": [],
            "point_in_time_recovery": [
              {
                "enabled": true,
                "recovery_period_in_days": 35
              }
            ],
            "range_key": null,
            "read_capacity": 0,
            "replica": [],
            "restore_date_time": null,
            "restore_source_name": null,
            "restore_source_table_arn": null,
            "restore_to_latest_time": null,
            "server_side_encryption": [
              {
                "enabled": true,
                "kms_key_arn": ""
              }
            ],
            "stream_arn": "",
            "stream_enabled": false,
            "stream_label": "",
            "stream_view_type": "",
            "table_class": "STANDARD",
            "tags": {
              "Component": "State-Bootstrap",
              "Environment": "bootstrap",
              "ManagedBy": "Terraform",
              "Name": "myproject-terraform-state-lock",
              "Owner": "aws-devops-team",
              "Project": "myproject",
              "Purpose": "TerraformStateLocking"
            },
            "tags_all": {
              "Component": "State-Bootstrap",
              "CreatedBy": "Terraform-Bootstrap",
              "Environment": "bootstrap",
              "ManagedBy": "Terraform",
              "Name": "myproject-terraform-state-lock",
              "Owner": "aws-devops-team",
              "Project": "myproject",
              "Purpose": "TerraformStateLocking"
            },
            "timeouts": null,
            "ttl": [
              {
                "attribute_name": "",
                "enabled": false
              }
            ],
            "write_capacity": 0
          },
          "sensitive_attributes": [],
          "identity_schema_version": 0,
          "private": "eyJlMmJmYjczMC1lY2FhLTExZTYtOGY4OC0zNDM2M2JjN2M0YzAiOnsiY3JlYXRlIjoxODAwMDAwMDAwMDAwLCJkZWxldGUiOjYwMDAwMDAwMDAwMCwidXBkYXRlIjozNjAwMDAwMDAwMDAwfSwic2NoZW1hX3ZlcnNpb24iOiIxIn0="
        }
      ]
    },
    {
      "mode": "managed",
      "type": "aws_kms_alias",
      "name": "terraform_state",
      "provider": "provider[\"registry.terraform.io/hashicorp/aws\"]",
      "instances": [
        {
          "schema_version": 0,
          "attributes": {
            "arn": "arn:aws:kms:us-east-2:390034075362:alias/myproject-terraform-state",
            "id": "alias/myproject-terraform-state",
            "name": "alias/myproject-terraform-state",
            "name_prefix": "",
            "target_key_arn": "arn:aws:kms:us-east-2:390034075362:key/3b8353ae-9e66-42ff-b9e8-c4084c6416aa",
            "target_key_id": "3b8353ae-9e66-42ff-b9e8-c4084c6416aa"
          },
          "sensitive_attributes": [],
          "identity_schema_version": 0,
          "private": "bnVsbA==",
          "dependencies": [
            "aws_kms_key.terraform_state"
          ]
        }
      ]
    },
    {
      "mode": "managed",
      "type": "aws_kms_key",
      "name": "terraform_state",
      "provider": "provider[\"registry.terraform.io/hashicorp/aws\"]",
      "instances": [
        {
          "schema_version": 0,
          "attributes": {
            "arn": "arn:aws:kms:us-east-2:390034075362:key/3b8353ae-9e66-42ff-b9e8-c4084c6416aa",
            "bypass_policy_lockout_safety_check": false,
            "custom_key_store_id": "",
            "customer_master_key_spec": "SYMMETRIC_DEFAULT",
            "deletion_window_in_days": 30,
            "description": "KMS key for encrypting Terraform remote state files",
            "enable_key_rotation": true,
            "id": "3b8353ae-9e66-42ff-b9e8-c4084c6416aa",
            "is_enabled": true,
            "key_id": "3b8353ae-9e66-42ff-b9e8-c4084c6416aa",
            "key_usage": "ENCRYPT_DECRYPT",
            "multi_region": false,
            "policy": "{\"Id\":\"key-default-1\",\"Statement\":[{\"Action\":\"kms:*\",\"Effect\":\"Allow\",\"Principal\":{\"AWS\":\"arn:aws:iam::390034075362:root\"},\"Resource\":\"*\",\"Sid\":\"Enable IAM User Permissions\"}],\"Version\":\"2012-10-17\"}",
            "rotation_period_in_days": 365,
            "tags": {
              "Component": "State-Bootstrap",
              "Environment": "bootstrap",
              "ManagedBy": "Terraform",
              "Name": "myproject-terraform-state-kms",
              "Owner": "aws-devops-team",
              "Project": "myproject"
            },
            "tags_all": {
              "Component": "State-Bootstrap",
              "CreatedBy": "Terraform-Bootstrap",
              "Environment": "bootstrap",
              "ManagedBy": "Terraform",
              "Name": "myproject-terraform-state-kms",
              "Owner": "aws-devops-team",
              "Project": "myproject"
            },
            "timeouts": null,
            "xks_key_id": ""
          },
          "sensitive_attributes": [],
          "identity_schema_version": 0,
          "private": "eyJlMmJmYjczMC1lY2FhLTExZTYtOGY4OC0zNDM2M2JjN2M0YzAiOnsiY3JlYXRlIjoxMjAwMDAwMDAwMDB9fQ=="
        }
      ]
    },
    {
      "mode": "managed",
      "type": "aws_s3_bucket",
      "name": "terraform_state",
      "provider": "provider[\"registry.terraform.io/hashicorp/aws\"]",
      "instances": [
        {
          "schema_version": 0,
          "attributes": {
            "acceleration_status": "",
            "acl": null,
            "arn": "arn:aws:s3:::myproject-terraform-state-locking-bucket",
            "bucket": "myproject-terraform-state-locking-bucket",
            "bucket_domain_name": "myproject-terraform-state-locking-bucket.s3.amazonaws.com",
            "bucket_prefix": "",
            "bucket_regional_domain_name": "myproject-terraform-state-locking-bucket.s3.us-east-2.amazonaws.com",
            "cors_rule": [],
            "force_destroy": true,
            "grant": [
              {
                "id": "86f8bb601d37f221db6062744cb53db0872a16c0606b39b141fe999d43b039b9",
                "permissions": [
                  "FULL_CONTROL"
                ],
                "type": "CanonicalUser",
                "uri": ""
              }
            ],
            "hosted_zone_id": "Z2O1EMRO9K5GLX",
            "id": "myproject-terraform-state-locking-bucket",
            "lifecycle_rule": [],
            "logging": [],
            "object_lock_configuration": [],
            "object_lock_enabled": false,
            "policy": "",
            "region": "us-east-2",
            "replication_configuration": [],
            "request_payer": "BucketOwner",
            "server_side_encryption_configuration": [
              {
                "rule": [
                  {
                    "apply_server_side_encryption_by_default": [
                      {
                        "kms_master_key_id": "",
                        "sse_algorithm": "AES256"
                      }
                    ],
                    "bucket_key_enabled": false
                  }
                ]
              }
            ],
            "tags": {
              "Component": "State-Bootstrap",
              "Environment": "bootstrap",
              "ManagedBy": "Terraform",
              "Name": "myproject-terraform-state-locking-bucket",
              "Owner": "aws-devops-team",
              "Project": "myproject",
              "Purpose": "TerraformState"
            },
            "tags_all": {
              "Component": "State-Bootstrap",
              "CreatedBy": "Terraform-Bootstrap",
              "Environment": "bootstrap",
              "ManagedBy": "Terraform",
              "Name": "myproject-terraform-state-locking-bucket",
              "Owner": "aws-devops-team",
              "Project": "myproject",
              "Purpose": "TerraformState"
            },
            "timeouts": null,
            "versioning": [
              {
                "enabled": false,
                "mfa_delete": false
              }
            ],
            "website": [],
            "website_domain": null,
            "website_endpoint": null
          },
          "sensitive_attributes": [],
          "identity_schema_version": 0,
          "private": "eyJlMmJmYjczMC1lY2FhLTExZTYtOGY4OC0zNDM2M2JjN2M0YzAiOnsiY3JlYXRlIjoxMjAwMDAwMDAwMDAwLCJkZWxldGUiOjM2MDAwMDAwMDAwMDAsInJlYWQiOjEyMDAwMDAwMDAwMDAsInVwZGF0ZSI6MTIwMDAwMDAwMDAwMH19"
        }
      ]
    },
    {
      "mode": "managed",
      "type": "aws_s3_bucket",
      "name": "terraform_state_logs",
      "provider": "provider[\"registry.terraform.io/hashicorp/aws\"]",
      "instances": [
        {
          "schema_version": 0,
          "attributes": {
            "acceleration_status": "",
            "acl": null,
            "arn": "arn:aws:s3:::myproject-terraform-state-locking-bucket-access-logs",
            "bucket": "myproject-terraform-state-locking-bucket-access-logs",
            "bucket_domain_name": "myproject-terraform-state-locking-bucket-access-logs.s3.amazonaws.com",
            "bucket_prefix": "",
            "bucket_regional_domain_name": "myproject-terraform-state-locking-bucket-access-logs.s3.us-east-2.amazonaws.com",
            "cors_rule": [],
            "force_destroy": true,
            "grant": [
              {
                "id": "86f8bb601d37f221db6062744cb53db0872a16c0606b39b141fe999d43b039b9",
                "permissions": [
                  "FULL_CONTROL"
                ],
                "type": "CanonicalUser",
                "uri": ""
              }
            ],
            "hosted_zone_id": "Z2O1EMRO9K5GLX",
            "id": "myproject-terraform-state-locking-bucket-access-logs",
            "lifecycle_rule": [],
            "logging": [],
            "object_lock_configuration": [],
            "object_lock_enabled": false,
            "policy": "",
            "region": "us-east-2",
            "replication_configuration": [],
            "request_payer": "BucketOwner",
            "server_side_encryption_configuration": [
              {
                "rule": [
                  {
                    "apply_server_side_encryption_by_default": [
                      {
                        "kms_master_key_id": "",
                        "sse_algorithm": "AES256"
                      }
                    ],
                    "bucket_key_enabled": false
                  }
                ]
              }
            ],
            "tags": {
              "Component": "State-Bootstrap",
              "Environment": "bootstrap",
              "ManagedBy": "Terraform",
              "Name": "myproject-terraform-state-locking-bucket-access-logs",
              "Owner": "aws-devops-team",
              "Project": "myproject",
              "Purpose": "S3AccessLogs"
            },
            "tags_all": {
              "Component": "State-Bootstrap",
              "CreatedBy": "Terraform-Bootstrap",
              "Environment": "bootstrap",
              "ManagedBy": "Terraform",
              "Name": "myproject-terraform-state-locking-bucket-access-logs",
              "Owner": "aws-devops-team",
              "Project": "myproject",
              "Purpose": "S3AccessLogs"
            },
            "timeouts": null,
            "versioning": [
              {
                "enabled": false,
                "mfa_delete": false
              }
            ],
            "website": [],
            "website_domain": null,
            "website_endpoint": null
          },
          "sensitive_attributes": [],
          "identity_schema_version": 0,
          "private": "eyJlMmJmYjczMC1lY2FhLTExZTYtOGY4OC0zNDM2M2JjN2M0YzAiOnsiY3JlYXRlIjoxMjAwMDAwMDAwMDAwLCJkZWxldGUiOjM2MDAwMDAwMDAwMDAsInJlYWQiOjEyMDAwMDAwMDAwMDAsInVwZGF0ZSI6MTIwMDAwMDAwMDAwMH19"
        }
      ]
    },
    {
      "mode": "managed",
      "type": "aws_s3_bucket_lifecycle_configuration",
      "name": "terraform_state",
      "provider": "provider[\"registry.terraform.io/hashicorp/aws\"]",
      "instances": [
        {
          "index_key": 0,
          "schema_version": 1,
          "attributes": {
            "bucket": "myproject-terraform-state-locking-bucket",
            "expected_bucket_owner": "",
            "id": "myproject-terraform-state-locking-bucket",
            "rule": [
              {
                "abort_incomplete_multipart_upload": [],
                "expiration": [],
                "filter": [
                  {
                    "and": [],
                    "object_size_greater_than": null,
                    "object_size_less_than": null,
                    "prefix": "",
                    "tag": []
                  }
                ],
                "id": "terraform-state-lifecycle",
                "noncurrent_version_expiration": [
                  {
                    "newer_noncurrent_versions": null,
                    "noncurrent_days": 90
                  }
                ],
                "noncurrent_version_transition": [
                  {
                    "newer_noncurrent_versions": null,
                    "noncurrent_days": 30,
                    "storage_class": "STANDARD_IA"
                  },
                  {
                    "newer_noncurrent_versions": null,
                    "noncurrent_days": 60,
                    "storage_class": "GLACIER"
                  }
                ],
                "prefix": "",
                "status": "Enabled",
                "transition": []
              }
            ],
            "timeouts": null,
            "transition_default_minimum_object_size": "all_storage_classes_128K"
          },
          "sensitive_attributes": [],
          "identity_schema_version": 0,
          "dependencies": [
            "aws_s3_bucket.terraform_state"
          ]
        }
      ]
    },
    {
      "mode": "managed",
      "type": "aws_s3_bucket_logging",
      "name": "terraform_state",
      "provider": "provider[\"registry.terraform.io/hashicorp/aws\"]",
      "instances": [
        {
          "schema_version": 0,
          "attributes": {
            "bucket": "myproject-terraform-state-locking-bucket",
            "expected_bucket_owner": "",
            "id": "myproject-terraform-state-locking-bucket",
            "target_bucket": "myproject-terraform-state-locking-bucket-access-logs",
            "target_grant": [],
            "target_object_key_format": [],
            "target_prefix": "terraform-state-logs/"
          },
          "sensitive_attributes": [],
          "identity_schema_version": 0,
          "private": "bnVsbA==",
          "dependencies": [
            "aws_s3_bucket.terraform_state",
            "aws_s3_bucket.terraform_state_logs"
          ]
        }
      ]
    },
    {
      "mode": "managed",
      "type": "aws_s3_bucket_ownership_controls",
      "name": "terraform_state",
      "provider": "provider[\"registry.terraform.io/hashicorp/aws\"]",
      "instances": [
        {
          "schema_version": 0,
          "attributes": {
            "bucket": "myproject-terraform-state-locking-bucket",
            "id": "myproject-terraform-state-locking-bucket",
            "rule": [
              {
                "object_ownership": "BucketOwnerEnforced"
              }
            ]
          },
          "sensitive_attributes": [],
          "identity_schema_version": 0,
          "private": "bnVsbA==",
          "dependencies": [
            "aws_s3_bucket.terraform_state"
          ]
        }
      ]
    },
    {
      "mode": "managed",
      "type": "aws_s3_bucket_ownership_controls",
      "name": "terraform_state_logs",
      "provider": "provider[\"registry.terraform.io/hashicorp/aws\"]",
      "instances": [
        {
          "schema_version": 0,
          "attributes": {
            "bucket": "myproject-terraform-state-locking-bucket-access-logs",
            "id": "myproject-terraform-state-locking-bucket-access-logs",
            "rule": [
              {
                "object_ownership": "BucketOwnerEnforced"
              }
            ]
          },
          "sensitive_attributes": [],
          "identity_schema_version": 0,
          "private": "bnVsbA==",
          "dependencies": [
            "aws_s3_bucket.terraform_state_logs"
          ]
        }
      ]
    },
    {
      "mode": "managed",
      "type": "aws_s3_bucket_policy",
      "name": "terraform_state",
      "provider": "provider[\"registry.terraform.io/hashicorp/aws\"]",
      "instances": [
        {
          "schema_version": 0,
          "attributes": {
            "bucket": "myproject-terraform-state-locking-bucket",
            "id": "myproject-terraform-state-locking-bucket",
            "policy": "{\"Statement\":[{\"Action\":\"s3:*\",\"Condition\":{\"Bool\":{\"aws:SecureTransport\":\"false\"}},\"Effect\":\"Deny\",\"Principal\":{\"AWS\":\"*\"},\"Resource\":[\"arn:aws:s3:::myproject-terraform-state-locking-bucket/*\",\"arn:aws:s3:::myproject-terraform-state-locking-bucket\"],\"Sid\":\"DenyHTTPAccess\"},{\"Action\":\"s3:PutObject\",\"Condition\":{\"StringNotEquals\":{\"s3:x-amz-server-side-encryption\":\"aws:kms\"}},\"Effect\":\"Deny\",\"Principal\":{\"AWS\":\"*\"},\"Resource\":\"arn:aws:s3:::myproject-terraform-state-locking-bucket/*\",\"Sid\":\"DenyNonEncryptedUploads\"},{\"Action\":[\"s3:PutObject\",\"s3:ListBucket\",\"s3:GetObject\",\"s3:GetEncryptionConfiguration\",\"s3:GetBucketVersioning\",\"s3:DeleteObject\"],\"Effect\":\"Allow\",\"Principal\":{\"AWS\":\"arn:aws:iam::390034075362:root\"},\"Resource\":[\"arn:aws:s3:::myproject-terraform-state-locking-bucket/*\",\"arn:aws:s3:::myproject-terraform-state-locking-bucket\"],\"Sid\":\"AllowTerraformRole\"}],\"Version\":\"2012-10-17\"}"
          },
          "sensitive_attributes": [],
          "identity_schema_version": 0,
          "private": "bnVsbA==",
          "dependencies": [
            "aws_s3_bucket.terraform_state",
            "aws_s3_bucket_public_access_block.terraform_state",
            "data.aws_caller_identity.current",
            "data.aws_iam_policy_document.terraform_state_policy"
          ]
        }
      ]
    },
    {
      "mode": "managed",
      "type": "aws_s3_bucket_policy",
      "name": "terraform_state_logs",
      "provider": "provider[\"registry.terraform.io/hashicorp/aws\"]",
      "instances": [
        {
          "schema_version": 0,
          "attributes": {
            "bucket": "myproject-terraform-state-locking-bucket-access-logs",
            "id": "myproject-terraform-state-locking-bucket-access-logs",
            "policy": "{\"Statement\":[{\"Action\":\"s3:*\",\"Condition\":{\"Bool\":{\"aws:SecureTransport\":\"false\"}},\"Effect\":\"Deny\",\"Principal\":{\"AWS\":\"*\"},\"Resource\":[\"arn:aws:s3:::myproject-terraform-state-locking-bucket-access-logs/*\",\"arn:aws:s3:::myproject-terraform-state-locking-bucket-access-logs\"],\"Sid\":\"DenyHTTPAccess\"},{\"Action\":\"s3:PutObject\",\"Condition\":{\"StringEquals\":{\"aws:SourceAccount\":\"390034075362\"}},\"Effect\":\"Allow\",\"Principal\":{\"Service\":\"logging.s3.amazonaws.com\"},\"Resource\":\"arn:aws:s3:::myproject-terraform-state-locking-bucket-access-logs/*\",\"Sid\":\"S3ServerAccessLogsPolicy\"}],\"Version\":\"2012-10-17\"}"
          },
          "sensitive_attributes": [],
          "identity_schema_version": 0,
          "private": "bnVsbA==",
          "dependencies": [
            "aws_s3_bucket.terraform_state_logs",
            "aws_s3_bucket_public_access_block.terraform_state_logs",
            "data.aws_caller_identity.current",
            "data.aws_iam_policy_document.terraform_state_logs_policy"
          ]
        }
      ]
    },
    {
      "mode": "managed",
      "type": "aws_s3_bucket_public_access_block",
      "name": "terraform_state",
      "provider": "provider[\"registry.terraform.io/hashicorp/aws\"]",
      "instances": [
        {
          "schema_version": 0,
          "attributes": {
            "block_public_acls": true,
            "block_public_policy": true,
            "bucket": "myproject-terraform-state-locking-bucket",
            "id": "myproject-terraform-state-locking-bucket",
            "ignore_public_acls": true,
            "restrict_public_buckets": true
          },
          "sensitive_attributes": [],
          "identity_schema_version": 0,
          "private": "bnVsbA==",
          "dependencies": [
            "aws_s3_bucket.terraform_state"
          ]
        }
      ]
    },
    {
      "mode": "managed",
      "type": "aws_s3_bucket_public_access_block",
      "name": "terraform_state_logs",
      "provider": "provider[\"registry.terraform.io/hashicorp/aws\"]",
      "instances": [
        {
          "schema_version": 0,
          "attributes": {
            "block_public_acls": true,
            "block_public_policy": true,
            "bucket": "myproject-terraform-state-locking-bucket-access-logs",
            "id": "myproject-terraform-state-locking-bucket-access-logs",
            "ignore_public_acls": true,
            "restrict_public_buckets": true
          },
          "sensitive_attributes": [],
          "identity_schema_version": 0,
          "private": "bnVsbA==",
          "dependencies": [
            "aws_s3_bucket.terraform_state_logs"
          ]
        }
      ]
    },
    {
      "mode": "managed",
      "type": "aws_s3_bucket_server_side_encryption_configuration",
      "name": "terraform_state",
      "provider": "provider[\"registry.terraform.io/hashicorp/aws\"]",
      "instances": [
        {
          "schema_version": 0,
          "attributes": {
            "bucket": "myproject-terraform-state-locking-bucket",
            "expected_bucket_owner": "",
            "id": "myproject-terraform-state-locking-bucket",
            "rule": [
              {
                "apply_server_side_encryption_by_default": [
                  {
                    "kms_master_key_id": "arn:aws:kms:us-east-1:274089075418:key/23518b88-b9c5-4c9a-82bb-d10160e8326b",
                    "sse_algorithm": "aws:kms"
                  }
                ],
                "bucket_key_enabled": true
              }
            ]
          },
          "sensitive_attributes": [],
          "identity_schema_version": 0,
          "private": "bnVsbA==",
          "dependencies": [
            "aws_s3_bucket.terraform_state"
          ]
        }
      ]
    },
    {
      "mode": "managed",
      "type": "aws_s3_bucket_server_side_encryption_configuration",
      "name": "terraform_state_logs",
      "provider": "provider[\"registry.terraform.io/hashicorp/aws\"]",
      "instances": [
        {
          "schema_version": 0,
          "attributes": {
            "bucket": "myproject-terraform-state-locking-bucket-access-logs",
            "expected_bucket_owner": "",
            "id": "myproject-terraform-state-locking-bucket-access-logs",
            "rule": [
              {
                "apply_server_side_encryption_by_default": [
                  {
                    "kms_master_key_id": "arn:aws:kms:us-east-1:274089075418:key/23518b88-b9c5-4c9a-82bb-d10160e8326b",
                    "sse_algorithm": "aws:kms"
                  }
                ],
                "bucket_key_enabled": true
              }
            ]
          },
          "sensitive_attributes": [],
          "identity_schema_version": 0,
          "private": "bnVsbA==",
          "dependencies": [
            "aws_s3_bucket.terraform_state_logs"
          ]
        }
      ]
    },
    {
      "mode": "managed",
      "type": "aws_s3_bucket_versioning",
      "name": "terraform_state",
      "provider": "provider[\"registry.terraform.io/hashicorp/aws\"]",
      "instances": [
        {
          "schema_version": 0,
          "attributes": {
            "bucket": "myproject-terraform-state-locking-bucket",
            "expected_bucket_owner": "",
            "id": "myproject-terraform-state-locking-bucket",
            "mfa": null,
            "versioning_configuration": [
              {
                "mfa_delete": "",
                "status": "Enabled"
              }
            ]
          },
          "sensitive_attributes": [],
          "identity_schema_version": 0,
          "private": "bnVsbA==",
          "dependencies": [
            "aws_s3_bucket.terraform_state"
          ]
        }
      ]
    },
    {
      "mode": "managed",
      "type": "aws_s3_bucket_versioning",
      "name": "terraform_state_logs",
      "provider": "provider[\"registry.terraform.io/hashicorp/aws\"]",
      "instances": [
        {
          "schema_version": 0,
          "attributes": {
            "bucket": "myproject-terraform-state-locking-bucket-access-logs",
            "expected_bucket_owner": "",
            "id": "myproject-terraform-state-locking-bucket-access-logs",
            "mfa": null,
            "versioning_configuration": [
              {
                "mfa_delete": "",
                "status": "Enabled"
              }
            ]
          },
          "sensitive_attributes": [],
          "identity_schema_version": 0,
          "private": "bnVsbA==",
          "dependencies": [
            "aws_s3_bucket.terraform_state_logs"
          ]
        }
      ]
    }
  ],
  "check_results": [
    {
      "object_kind": "var",
      "config_addr": "var.billing_mode",
      "status": "pass",
      "objects": [
        {
          "object_addr": "var.billing_mode",
          "status": "pass"
        }
      ]
    }
  ]
}
